
Microsoft Visual Studio Solution File, Format Version 12.00
# Visual Studio 2012
Project("{FAE04EC0-301F-11D3-BF4B-00C04F79EFBC}") = "VizeFinalGectimiKaldimi", "VizeFinalGectimiKaldimi\VizeFinalGectimiKaldimi.csproj", "{C166EAA0-D0C2-43B8-BFD7-3E11DF2F72EC}"
EndProject
Global
	GlobalSection(SolutionConfigurationPlatforms) = preSolution
		Debug|Any CPU = Debug|Any CPU
		Release|Any CPU = Release|Any CPU
	EndGlobalSection
	GlobalSection(ProjectConfigurationPlatforms) = postSolution
		{C166EAA0-D0C2-43B8-BFD7-3E11DF2F72EC}.Debug|Any CPU.ActiveCfg = Debug|Any CPU
		{C166EAA0-D0C2-43B8-BFD7-3E11DF2F72EC}.Debug|Any CPU.Build.0 = Debug|Any CPU
		{C166EAA0-D0C2-43B8-BFD7-3E11DF2F72EC}.Release|Any CPU.ActiveCfg = Release|Any CPU
		{C166EAA0-D0C2-43B8-BFD7-3E11DF2F72EC}.Release|Any CPU.Build.0 = Release|Any CPU
	EndGlobalSection
	GlobalSection(SolutionProperties) = preSolution
		HideSolutionNode = FALSE
	EndGlobalSection
EndGlobal
